
Microsoft Visual Studio Solution File, Format Version 12.00
# Visual Studio 15
VisualStudioVersion = 15.0.28307.271
MinimumVisualStudioVersion = 10.0.40219.1
Project("{9A19103F-16F7-4668-BE54-9A1E7A4F7556}") = "SimplySqlSchema", "SimplySqlSchema\SimplySqlSchema.csproj", "{6F6D1E5F-5051-4416-8CA7-0AC59C459619}"
EndProject
Project("{9A19103F-16F7-4668-BE54-9A1E7A4F7556}") = "SimplySqlSchema.Tests", "SimplySqlSchema.Tests\SimplySqlSchema.Tests.csproj", "{62CAD42F-08AD-448B-9900-99470D88B614}"
EndProject
Global
	GlobalSection(SolutionConfigurationPlatforms) = preSolution
		Debug|Any CPU = Debug|Any CPU
		Release|Any CPU = Release|Any CPU
	EndGlobalSection
	GlobalSection(ProjectConfigurationPlatforms) = postSolution
		{6F6D1E5F-5051-4416-8CA7-0AC59C459619}.Debug|Any CPU.ActiveCfg = Debug|Any CPU
		{6F6D1E5F-5051-4416-8CA7-0AC59C459619}.Debug|Any CPU.Build.0 = Debug|Any CPU
		{6F6D1E5F-5051-4416-8CA7-0AC59C459619}.Release|Any CPU.ActiveCfg = Release|Any CPU
		{6F6D1E5F-5051-4416-8CA7-0AC59C459619}.Release|Any CPU.Build.0 = Release|Any CPU
		{62CAD42F-08AD-448B-9900-99470D88B614}.Debug|Any CPU.ActiveCfg = Debug|Any CPU
		{62CAD42F-08AD-448B-9900-99470D88B614}.Debug|Any CPU.Build.0 = Debug|Any CPU
		{62CAD42F-08AD-448B-9900-99470D88B614}.Release|Any CPU.ActiveCfg = Release|Any CPU
		{62CAD42F-08AD-448B-9900-99470D88B614}.Release|Any CPU.Build.0 = Release|Any CPU
	EndGlobalSection
	GlobalSection(SolutionProperties) = preSolution
		HideSolutionNode = FALSE
	EndGlobalSection
	GlobalSection(ExtensibilityGlobals) = postSolution
		SolutionGuid = {0FA75896-5928-4B4D-A0E4-67369755881D}
	EndGlobalSection
EndGlobal
